PODS:
  - KeychainSwift (7.0.0)
  - SwiftyJSON (3.1.3)

DEPENDENCIES:
  - KeychainSwift
  - SwiftyJSON

SPEC CHECKSUMS:
  KeychainSwift: b6947435dd78cc442c64a84ae648dd0e871cf448
  SwiftyJSON: 38a8ea2006779c0fc4c310cb2ee8195327740faf

PODFILE CHECKSUM: 27ff39ba71e0ab542fe6c6d939a4d9c281388ea3

COCOAPODS: 1.2.1
